
Microsoft Visual Studio Solution File, Format Version 12.00
# Visual Studio 2013
VisualStudioVersion = 12.0.30501.0
MinimumVisualStudioVersion = 10.0.40219.1
Project("{FAE04EC0-301F-11D3-BF4B-00C04F79EFBC}") = "Mastermind", "Mastermind\Mastermind\Mastermind.csproj", "{D31F11B5-E35F-447B-904F-31265720C09D}"
EndProject
Project("{FAE04EC0-301F-11D3-BF4B-00C04F79EFBC}") = "MastermindContent", "Mastermind\MastermindContent\MastermindContent.contentproj", "{8DC55975-73F1-4868-87D3-8830EC182C08}"
EndProject
Project("{2150E333-8FDC-42A3-9474-1A3956D46DE8}") = ".nuget", ".nuget", "{341D7192-C45D-4345-9632-8926F6104E90}"
	ProjectSection(SolutionItems) = preProject
		.nuget\packages.config = .nuget\packages.config
	EndProjectSection
EndProject
Project("{FAE04EC0-301F-11D3-BF4B-00C04F79EFBC}") = "MastermindTest", "MastermindTest\MastermindTest.csproj", "{175C2D78-4418-4A45-BC02-C4B13FA50BEE}"
EndProject
Global
	GlobalSection(SolutionConfigurationPlatforms) = preSolution
		Debug|Any CPU = Debug|Any CPU
		Debug|Mixed Platforms = Debug|Mixed Platforms
		Debug|x86 = Debug|x86
		Release|Any CPU = Release|Any CPU
		Release|Mixed Platforms = Release|Mixed Platforms
		Release|x86 = Release|x86
	EndGlobalSection
	GlobalSection(ProjectConfigurationPlatforms) = postSolution
		{D31F11B5-E35F-447B-904F-31265720C09D}.Debug|Any CPU.ActiveCfg = Debug|x86
		{D31F11B5-E35F-447B-904F-31265720C09D}.Debug|Mixed Platforms.ActiveCfg = Debug|x86
		{D31F11B5-E35F-447B-904F-31265720C09D}.Debug|Mixed Platforms.Build.0 = Debug|x86
		{D31F11B5-E35F-447B-904F-31265720C09D}.Debug|x86.ActiveCfg = Debug|x86
		{D31F11B5-E35F-447B-904F-31265720C09D}.Debug|x86.Build.0 = Debug|x86
		{D31F11B5-E35F-447B-904F-31265720C09D}.Release|Any CPU.ActiveCfg = Release|x86
		{D31F11B5-E35F-447B-904F-31265720C09D}.Release|Mixed Platforms.ActiveCfg = Release|x86
		{D31F11B5-E35F-447B-904F-31265720C09D}.Release|Mixed Platforms.Build.0 = Release|x86
		{D31F11B5-E35F-447B-904F-31265720C09D}.Release|x86.ActiveCfg = Release|x86
		{D31F11B5-E35F-447B-904F-31265720C09D}.Release|x86.Build.0 = Release|x86
		{8DC55975-73F1-4868-87D3-8830EC182C08}.Debug|Any CPU.ActiveCfg = Debug|x86
		{8DC55975-73F1-4868-87D3-8830EC182C08}.Debug|Mixed Platforms.ActiveCfg = Debug|x86
		{8DC55975-73F1-4868-87D3-8830EC182C08}.Debug|x86.ActiveCfg = Debug|x86
		{8DC55975-73F1-4868-87D3-8830EC182C08}.Release|Any CPU.ActiveCfg = Release|x86
		{8DC55975-73F1-4868-87D3-8830EC182C08}.Release|Mixed Platforms.ActiveCfg = Release|x86
		{8DC55975-73F1-4868-87D3-8830EC182C08}.Release|x86.ActiveCfg = Release|x86
		{175C2D78-4418-4A45-BC02-C4B13FA50BEE}.Debug|Any CPU.ActiveCfg = Debug|Any CPU
		{175C2D78-4418-4A45-BC02-C4B13FA50BEE}.Debug|Any CPU.Build.0 = Debug|Any CPU
		{175C2D78-4418-4A45-BC02-C4B13FA50BEE}.Debug|Mixed Platforms.ActiveCfg = Debug|Any CPU
		{175C2D78-4418-4A45-BC02-C4B13FA50BEE}.Debug|Mixed Platforms.Build.0 = Debug|Any CPU
		{175C2D78-4418-4A45-BC02-C4B13FA50BEE}.Debug|x86.ActiveCfg = Debug|Any CPU
		{175C2D78-4418-4A45-BC02-C4B13FA50BEE}.Release|Any CPU.ActiveCfg = Release|Any CPU
		{175C2D78-4418-4A45-BC02-C4B13FA50BEE}.Release|Any CPU.Build.0 = Release|Any CPU
		{175C2D78-4418-4A45-BC02-C4B13FA50BEE}.Release|Mixed Platforms.ActiveCfg = Release|Any CPU
		{175C2D78-4418-4A45-BC02-C4B13FA50BEE}.Release|Mixed Platforms.Build.0 = Release|Any CPU
		{175C2D78-4418-4A45-BC02-C4B13FA50BEE}.Release|x86.ActiveCfg = Release|Any CPU
	EndGlobalSection
	GlobalSection(SolutionProperties) = preSolution
		HideSolutionNode = FALSE
	EndGlobalSection
EndGlobal
